
Microsoft Visual Studio Solution File, Format Version 12.00
# Visual Studio Version 16
VisualStudioVersion = 16.0.30804.86
MinimumVisualStudioVersion = 10.0.40219.1
Project("{9A19103F-16F7-4668-BE54-9A1E7A4F7556}") = "myclobber.api", "myclobber.api.csproj", "{6A3DAB51-B027-4DCC-9D0E-689776D913A5}"
EndProject
Global
	GlobalSection(SolutionConfigurationPlatforms) = preSolution
		Debug|Any CPU = Debug|Any CPU
		Release|Any CPU = Release|Any CPU
	EndGlobalSection
	GlobalSection(ProjectConfigurationPlatforms) = postSolution
		{6A3DAB51-B027-4DCC-9D0E-689776D913A5}.Debug|Any CPU.ActiveCfg = Debug|Any CPU
		{6A3DAB51-B027-4DCC-9D0E-689776D913A5}.Debug|Any CPU.Build.0 = Debug|Any CPU
		{6A3DAB51-B027-4DCC-9D0E-689776D913A5}.Release|Any CPU.ActiveCfg = Release|Any CPU
		{6A3DAB51-B027-4DCC-9D0E-689776D913A5}.Release|Any CPU.Build.0 = Release|Any CPU
	EndGlobalSection
	GlobalSection(SolutionProperties) = preSolution
		HideSolutionNode = FALSE
	EndGlobalSection
	GlobalSection(ExtensibilityGlobals) = postSolution
		SolutionGuid = {4B8F696A-DBCB-4B3C-A24A-960C352445DE}
	EndGlobalSection
EndGlobal
